
Microsoft Visual Studio Solution File, Format Version 12.00
# Visual Studio Version 17
VisualStudioVersion = 17.3.32901.215
MinimumVisualStudioVersion = 10.0.40219.1
Project("{FAE04EC0-301F-11D3-BF4B-00C04F79EFBC}") = "FlexWalletSelfService.Web", "FlexWalletSelfService.Web\FlexWalletSelfService.Web.csproj", "{98953ADB-6491-4191-8149-07E950AD4F55}"
EndProject
Global
	GlobalSection(SolutionConfigurationPlatforms) = preSolution
		Debug|Any CPU = Debug|Any CPU
		Release|Any CPU = Release|Any CPU
	EndGlobalSection
	GlobalSection(ProjectConfigurationPlatforms) = postSolution
		{98953ADB-6491-4191-8149-07E950AD4F55}.Debug|Any CPU.ActiveCfg = Debug|Any CPU
		{98953ADB-6491-4191-8149-07E950AD4F55}.Debug|Any CPU.Build.0 = Debug|Any CPU
		{98953ADB-6491-4191-8149-07E950AD4F55}.Release|Any CPU.ActiveCfg = Release|Any CPU
		{98953ADB-6491-4191-8149-07E950AD4F55}.Release|Any CPU.Build.0 = Release|Any CPU
	EndGlobalSection
	GlobalSection(SolutionProperties) = preSolution
		HideSolutionNode = FALSE
	EndGlobalSection
	GlobalSection(ExtensibilityGlobals) = postSolution
		SolutionGuid = {390C0FEF-E6D2-47AC-8D95-C5B6566B608E}
	EndGlobalSection
EndGlobal
